// !$*UTF8*$!
{
	archiveVersion = 1;
	classes = {
	};
	objectVersion = 48;
	objects = {

/* Begin PBXBuildFile section */
		C6076CDE237E325D0019F6D1 /* AppDelegate.swift in Sources */ = {isa = PBXBuildFile; fileRef = C6076CDD237E325D0019F6D1 /* AppDelegate.swift */; };
		C6076CE0237E325D0019F6D1 /* SceneDelegate.swift in Sources */ = {isa = PBXBuildFile; fileRef = C6076CDF237E325D0019F6D1 /* SceneDelegate.swift */; };
		C6076CE2237E325D0019F6D1 /* ViewController.swift in Sources */ = {isa = PBXBuildFile; fileRef = C6076CE1237E325D0019F6D1 /* ViewController.swift */; };
		C6076CE5237E325D0019F6D1 /* Main.storyboard in Resources */ = {isa = PBXBuildFile; fileRef = C6076CE3237E325D0019F6D1 /* Main.storyboard */; };
		C6076CE7237E325E0019F6D1 /* Assets.xcassets in Resources */ = {isa = PBXBuildFile; fileRef = C6076CE6237E325E0019F6D1 /* Assets.xcassets */; };
		C6076CEA237E325E0019F6D1 /* LaunchScreen.storyboard in Resources */ = {isa = PBXBuildFile; fileRef = C6076CE8237E325E0019F6D1 /* LaunchScreen.storyboard */; };
		C6C3FA4E237F04520006E81B /* TableCell.swift in Sources */ = {isa = PBXBuildFile; fileRef = C6C3FA4D237F04520006E81B /* TableCell.swift */; };
		EAE584FE74D93C0897C4A787 /* Pods_PahkatClient_Example.framework in Frameworks */ = {isa = PBXBuildFile; fileRef = AFAC1C774F1D863D8B386CAE /* Pods_PahkatClient_Example.framework */; };
/* End PBXBuildFile section */

/* Begin PBXFileReference section */
		150E69381A2642E0F8BCAED9 /* PahkatClient.podspec */ = {isa = PBXFileReference; includeInIndex = 1; lastKnownFileType = text; name = PahkatClient.podspec; path = ../PahkatClient.podspec; sourceTree = "<group>"; xcLanguageSpecificationIdentifier = xcode.lang.ruby; };
		359D91B43915AFBCB5511599 /* Pods-PahkatClient_Tests.debug.xcconfig */ = {isa = PBXFileReference; includeInIndex = 1; lastKnownFileType = text.xcconfig; name = "Pods-PahkatClient_Tests.debug.xcconfig"; path = "Target Support Files/Pods-PahkatClient_Tests/Pods-PahkatClient_Tests.debug.xcconfig"; sourceTree = "<group>"; };
		8B273A50F861D097C85974D8 /* Pods-PahkatClient_Example.release.xcconfig */ = {isa = PBXFileReference; includeInIndex = 1; lastKnownFileType = text.xcconfig; name = "Pods-PahkatClient_Example.release.xcconfig"; path = "Target Support Files/Pods-PahkatClient_Example/Pods-PahkatClient_Example.release.xcconfig"; sourceTree = "<group>"; };
		8F6E2CDDC2B159F039059A7A /* LICENSE */ = {isa = PBXFileReference; includeInIndex = 1; lastKnownFileType = text; name = LICENSE; path = ../LICENSE; sourceTree = "<group>"; };
		99424B16D75EAD2A9120B3F9 /* Pods-PahkatClient_Example.debug.xcconfig */ = {isa = PBXFileReference; includeInIndex = 1; lastKnownFileType = text.xcconfig; name = "Pods-PahkatClient_Example.debug.xcconfig"; path = "Target Support Files/Pods-PahkatClient_Example/Pods-PahkatClient_Example.debug.xcconfig"; sourceTree = "<group>"; };
		A56D4E2BC8412DEE654CAF09 /* Pods-PahkatClient Example.release.xcconfig */ = {isa = PBXFileReference; includeInIndex = 1; lastKnownFileType = text.xcconfig; name = "Pods-PahkatClient Example.release.xcconfig"; path = "Target Support Files/Pods-PahkatClient Example/Pods-PahkatClient Example.release.xcconfig"; sourceTree = "<group>"; };
		AFAC1C774F1D863D8B386CAE /* Pods_PahkatClient_Example.framework */ = {isa = PBXFileReference; explicitFileType = wrapper.framework; includeInIndex = 0; path = Pods_PahkatClient_Example.framework; sourceTree = BUILT_PRODUCTS_DIR; };
		B78398CBEC81489C39D02D52 /* Pods-PahkatClient_Tests.release.xcconfig */ = {isa = PBXFileReference; includeInIndex = 1; lastKnownFileType = text.xcconfig; name = "Pods-PahkatClient_Tests.release.xcconfig"; path = "Target Support Files/Pods-PahkatClient_Tests/Pods-PahkatClient_Tests.release.xcconfig"; sourceTree = "<group>"; };
		C6076CDB237E325D0019F6D1 /* PahkatClient_Example.app */ = {isa = PBXFileReference; explicitFileType = wrapper.application; includeInIndex = 0; path = PahkatClient_Example.app; sourceTree = BUILT_PRODUCTS_DIR; };
		C6076CDD237E325D0019F6D1 /* AppDelegate.swift */ = {isa = PBXFileReference; lastKnownFileType = sourcecode.swift; path = AppDelegate.swift; sourceTree = "<group>"; };
		C6076CDF237E325D0019F6D1 /* SceneDelegate.swift */ = {isa = PBXFileReference; lastKnownFileType = sourcecode.swift; path = SceneDelegate.swift; sourceTree = "<group>"; };
		C6076CE1237E325D0019F6D1 /* ViewController.swift */ = {isa = PBXFileReference; lastKnownFileType = sourcecode.swift; path = ViewController.swift; sourceTree = "<group>"; };
		C6076CE4237E325D0019F6D1 /* Base */ = {isa = PBXFileReference; lastKnownFileType = file.storyboard; name = Base; path = Base.lproj/Main.storyboard; sourceTree = "<group>"; };
		C6076CE6237E325E0019F6D1 /* Assets.xcassets */ = {isa = PBXFileReference; lastKnownFileType = folder.assetcatalog; path = Assets.xcassets; sourceTree = "<group>"; };
		C6076CE9237E325E0019F6D1 /* Base */ = {isa = PBXFileReference; lastKnownFileType = file.storyboard; name = Base; path = Base.lproj/LaunchScreen.storyboard; sourceTree = "<group>"; };
		C6076CEB237E325E0019F6D1 /* Info.plist */ = {isa = PBXFileReference; lastKnownFileType = text.plist.xml; path = Info.plist; sourceTree = "<group>"; };
		C6C3FA4D237F04520006E81B /* TableCell.swift */ = {isa = PBXFileReference; lastKnownFileType = sourcecode.swift; path = TableCell.swift; sourceTree = "<group>"; };
		C95BC36036B4CF2133CF3BB4 /* Pods-PahkatClient Example.debug.xcconfig */ = {isa = PBXFileReference; includeInIndex = 1; lastKnownFileType = text.xcconfig; name = "Pods-PahkatClient Example.debug.xcconfig"; path = "Target Support Files/Pods-PahkatClient Example/Pods-PahkatClient Example.debug.xcconfig"; sourceTree = "<group>"; };
		D430F4ADC7A1E74B790992FC /* README.md */ = {isa = PBXFileReference; includeInIndex = 1; lastKnownFileType = net.daringfireball.markdown; name = README.md; path = ../README.md; sourceTree = "<group>"; };
		ED83F68E20348A760038D96B /* Tests.swift */ = {isa = PBXFileReference; lastKnownFileType = sourcecode.swift; path = Tests.swift; sourceTree = "<group>"; };
		ED83F69020348A760038D96B /* Info.plist */ = {isa = PBXFileReference; lastKnownFileType = text.plist.xml; path = Info.plist; sourceTree = "<group>"; };
		F91EDE9B0C45D9B576F8B275 /* Pods_PahkatClient_Tests.framework */ = {isa = PBXFileReference; explicitFileType = wrapper.framework; includeInIndex = 0; path = Pods_PahkatClient_Tests.framework; sourceTree = BUILT_PRODUCTS_DIR; };
/* End PBXFileReference section */

/* Begin PBXFrameworksBuildPhase section */
		C6076CD8237E325D0019F6D1 /* Frameworks */ = {
			isa = PBXFrameworksBuildPhase;
			buildActionMask = 2147483647;
			files = (
				EAE584FE74D93C0897C4A787 /* Pods_PahkatClient_Example.framework in Frameworks */,
			);
			runOnlyForDeploymentPostprocessing = 0;
		};
/* End PBXFrameworksBuildPhase section */

/* Begin PBXGroup section */
		7E13E270589B51455D028063 /* Pods */ = {
			isa = PBXGroup;
			children = (
				359D91B43915AFBCB5511599 /* Pods-PahkatClient_Tests.debug.xcconfig */,
				B78398CBEC81489C39D02D52 /* Pods-PahkatClient_Tests.release.xcconfig */,
				C95BC36036B4CF2133CF3BB4 /* Pods-PahkatClient Example.debug.xcconfig */,
				A56D4E2BC8412DEE654CAF09 /* Pods-PahkatClient Example.release.xcconfig */,
				99424B16D75EAD2A9120B3F9 /* Pods-PahkatClient_Example.debug.xcconfig */,
				8B273A50F861D097C85974D8 /* Pods-PahkatClient_Example.release.xcconfig */,
			);
			path = Pods;
			sourceTree = "<group>";
		};
		A61444ED6B827D47469BD94B /* Frameworks */ = {
			isa = PBXGroup;
			children = (
				AFAC1C774F1D863D8B386CAE /* Pods_PahkatClient_Example.framework */,
				F91EDE9B0C45D9B576F8B275 /* Pods_PahkatClient_Tests.framework */,
			);
			name = Frameworks;
			sourceTree = "<group>";
		};
		C6076CDC237E325D0019F6D1 /* PahkatClient_Example */ = {
			isa = PBXGroup;
			children = (
				C6076CDD237E325D0019F6D1 /* AppDelegate.swift */,
				C6076CDF237E325D0019F6D1 /* SceneDelegate.swift */,
				C6076CE1237E325D0019F6D1 /* ViewController.swift */,
				C6076CE3237E325D0019F6D1 /* Main.storyboard */,
				C6076CE6237E325E0019F6D1 /* Assets.xcassets */,
				C6076CE8237E325E0019F6D1 /* LaunchScreen.storyboard */,
				C6076CEB237E325E0019F6D1 /* Info.plist */,
				C6C3FA4D237F04520006E81B /* TableCell.swift */,
			);
			path = PahkatClient_Example;
			sourceTree = "<group>";
		};
		ED83F66F20348A760038D96B = {
			isa = PBXGroup;
			children = (
				ED83F69A20348B650038D96B /* Podspec Metadata */,
				ED83F68D20348A760038D96B /* Tests */,
				C6076CDC237E325D0019F6D1 /* PahkatClient_Example */,
				ED83F67920348A760038D96B /* Products */,
				7E13E270589B51455D028063 /* Pods */,
				A61444ED6B827D47469BD94B /* Frameworks */,
			);
			sourceTree = "<group>";
		};
		ED83F67920348A760038D96B /* Products */ = {
			isa = PBXGroup;
			children = (
				C6076CDB237E325D0019F6D1 /* PahkatClient_Example.app */,
			);
			name = Products;
			sourceTree = "<group>";
		};
		ED83F68D20348A760038D96B /* Tests */ = {
			isa = PBXGroup;
			children = (
				ED83F68E20348A760038D96B /* Tests.swift */,
				ED83F69020348A760038D96B /* Info.plist */,
			);
			path = Tests;
			sourceTree = "<group>";
		};
		ED83F69A20348B650038D96B /* Podspec Metadata */ = {
			isa = PBXGroup;
			children = (
				150E69381A2642E0F8BCAED9 /* PahkatClient.podspec */,
				D430F4ADC7A1E74B790992FC /* README.md */,
				8F6E2CDDC2B159F039059A7A /* LICENSE */,
			);
			name = "Podspec Metadata";
			sourceTree = "<group>";
		};
/* End PBXGroup section */

/* Begin PBXNativeTarget section */
		C6076CDA237E325D0019F6D1 /* PahkatClient_Example */ = {
			isa = PBXNativeTarget;
			buildConfigurationList = C6076CEE237E325E0019F6D1 /* Build configuration list for PBXNativeTarget "PahkatClient_Example" */;
			buildPhases = (
				B22472ED818D0B27BC617339 /* [CP] Check Pods Manifest.lock */,
				C6076CD7237E325D0019F6D1 /* Sources */,
				C6076CD8237E325D0019F6D1 /* Frameworks */,
				C6076CD9237E325D0019F6D1 /* Resources */,
			);
			buildRules = (
			);
			dependencies = (
			);
			name = PahkatClient_Example;
			productName = PahkatClient_Example;
			productReference = C6076CDB237E325D0019F6D1 /* PahkatClient_Example.app */;
			productType = "com.apple.product-type.application";
		};
/* End PBXNativeTarget section */

/* Begin PBXProject section */
		ED83F67020348A760038D96B /* Project object */ = {
			isa = PBXProject;
			attributes = {
				LastSwiftUpdateCheck = 1120;
				LastUpgradeCheck = 0900;
				ORGANIZATIONNAME = CocoaPods;
				TargetAttributes = {
					C6076CDA237E325D0019F6D1 = {
						CreatedOnToolsVersion = 11.2.1;
						ProvisioningStyle = Manual;
					};
				};
			};
			buildConfigurationList = ED83F67320348A760038D96B /* Build configuration list for PBXProject "PahkatClient" */;
			compatibilityVersion = "Xcode 8.0";
			developmentRegion = en;
			hasScannedForEncodings = 0;
			knownRegions = (
				en,
				Base,
			);
			mainGroup = ED83F66F20348A760038D96B;
			productRefGroup = ED83F67920348A760038D96B /* Products */;
			projectDirPath = "";
			projectRoot = "";
			targets = (
				C6076CDA237E325D0019F6D1 /* PahkatClient_Example */,
			);
		};
/* End PBXProject section */

/* Begin PBXResourcesBuildPhase section */
		C6076CD9237E325D0019F6D1 /* Resources */ = {
			isa = PBXResourcesBuildPhase;
			buildActionMask = 2147483647;
			files = (
				C6076CEA237E325E0019F6D1 /* LaunchScreen.storyboard in Resources */,
				C6076CE7237E325E0019F6D1 /* Assets.xcassets in Resources */,
				C6076CE5237E325D0019F6D1 /* Main.storyboard in Resources */,
			);
			runOnlyForDeploymentPostprocessing = 0;
		};
/* End PBXResourcesBuildPhase section */

/* Begin PBXShellScriptBuildPhase section */
		B22472ED818D0B27BC617339 /* [CP] Check Pods Manifest.lock */ = {
			isa = PBXShellScriptBuildPhase;
			buildActionMask = 2147483647;
			files = (
			);
			inputFileListPaths = (
			);
			inputPaths = (
				"${PODS_PODFILE_DIR_PATH}/Podfile.lock",
				"${PODS_ROOT}/Manifest.lock",
			);
			name = "[CP] Check Pods Manifest.lock";
			outputFileListPaths = (
			);
			outputPaths = (
				"$(DERIVED_FILE_DIR)/Pods-PahkatClient_Example-checkManifestLockResult.txt",
			);
			runOnlyForDeploymentPostprocessing = 0;
			shellPath = /bin/sh;
			shellScript = "diff \"${PODS_PODFILE_DIR_PATH}/Podfile.lock\" \"${PODS_ROOT}/Manifest.lock\" > /dev/null\nif [ $? != 0 ] ; then\n    # print error to STDERR\n    echo \"error: The sandbox is not in sync with the Podfile.lock. Run 'pod install' or update your CocoaPods installation.\" >&2\n    exit 1\nfi\n# This output is used by Xcode 'outputs' to avoid re-running this script phase.\necho \"SUCCESS\" > \"${SCRIPT_OUTPUT_FILE_0}\"\n";
			showEnvVarsInLog = 0;
		};
/* End PBXShellScriptBuildPhase section */

/* Begin PBXSourcesBuildPhase section */
		C6076CD7237E325D0019F6D1 /* Sources */ = {
			isa = PBXSourcesBuildPhase;
			buildActionMask = 2147483647;
			files = (
				C6076CE2237E325D0019F6D1 /* ViewController.swift in Sources */,
				C6076CDE237E325D0019F6D1 /* AppDelegate.swift in Sources */,
				C6C3FA4E237F04520006E81B /* TableCell.swift in Sources */,
				C6076CE0237E325D0019F6D1 /* SceneDelegate.swift in Sources */,
			);
			runOnlyForDeploymentPostprocessing = 0;
		};
/* End PBXSourcesBuildPhase section */

/* Begin PBXVariantGroup section */
		C6076CE3237E325D0019F6D1 /* Main.storyboard */ = {
			isa = PBXVariantGroup;
			children = (
				C6076CE4237E325D0019F6D1 /* Base */,
			);
			name = Main.storyboard;
			sourceTree = "<group>";
		};
		C6076CE8237E325E0019F6D1 /* LaunchScreen.storyboard */ = {
			isa = PBXVariantGroup;
			children = (
				C6076CE9237E325E0019F6D1 /* Base */,
			);
			name = LaunchScreen.storyboard;
			sourceTree = "<group>";
		};
/* End PBXVariantGroup section */

/* Begin XCBuildConfiguration section */
		C6076CEC237E325E0019F6D1 /* Debug */ = {
			isa = XCBuildConfiguration;
			baseConfigurationReference = 99424B16D75EAD2A9120B3F9 /* Pods-PahkatClient_Example.debug.xcconfig */;
			buildSettings = {
				ASSETCATALOG_COMPILER_APPICON_NAME = AppIcon;
				CLANG_ENABLE_OBJC_WEAK = YES;
				CLANG_WARN_DEPRECATED_OBJC_IMPLEMENTATIONS = YES;
				CLANG_WARN_OBJC_IMPLICIT_RETAIN_SELF = YES;
				CODE_SIGN_STYLE = Manual;
				DEVELOPMENT_TEAM = "";
				INFOPLIST_FILE = PahkatClient_Example/Info.plist;
				IPHONEOS_DEPLOYMENT_TARGET = 13.2;
				LD_RUNPATH_SEARCH_PATHS = "$(inherited) @executable_path/Frameworks";
				MTL_ENABLE_DEBUG_INFO = INCLUDE_SOURCE;
				MTL_FAST_MATH = YES;
				PRODUCT_BUNDLE_IDENTIFIER = "no.divvun.PahkatClient-Example";
				PRODUCT_NAME = "$(TARGET_NAME)";
				PROVISIONING_PROFILE_SPECIFIER = "";
				SDKROOT = iphoneos;
				SWIFT_VERSION = 5.0;
				TARGETED_DEVICE_FAMILY = "1,2";
			};
			name = Debug;
		};
		C6076CED237E325E0019F6D1 /* Release */ = {
			isa = XCBuildConfiguration;
			baseConfigurationReference = 8B273A50F861D097C85974D8 /* Pods-PahkatClient_Example.release.xcconfig */;
			buildSettings = {
				ASSETCATALOG_COMPILER_APPICON_NAME = AppIcon;
				CLANG_ENABLE_OBJC_WEAK = YES;
				CLANG_WARN_DEPRECATED_OBJC_IMPLEMENTATIONS = YES;
				CLANG_WARN_OBJC_IMPLICIT_RETAIN_SELF = YES;
				CODE_SIGN_STYLE = Manual;
				DEVELOPMENT_TEAM = "";
				INFOPLIST_FILE = PahkatClient_Example/Info.plist;
				IPHONEOS_DEPLOYMENT_TARGET = 13.2;
				LD_RUNPATH_SEARCH_PATHS = "$(inherited) @executable_path/Frameworks";
				MTL_FAST_MATH = YES;
				PRODUCT_BUNDLE_IDENTIFIER = "no.divvun.PahkatClient-Example";
				PRODUCT_NAME = "$(TARGET_NAME)";
				PROVISIONING_PROFILE_SPECIFIER = "";
				SDKROOT = iphoneos;
				SWIFT_VERSION = 5.0;
				TARGETED_DEVICE_FAMILY = "1,2";
				VALIDATE_PRODUCT = YES;
			};
			name = Release;
		};
		ED83F69120348A760038D96B /* Debug */ = {
			isa = XCBuildConfiguration;
			buildSettings = {
				ALWAYS_SEARCH_USER_PATHS = NO;
				CLANG_ANALYZER_NONNULL = YES;
				CLANG_ANALYZER_NUMBER_OBJECT_CONVERSION = YES_AGGRESSIVE;
				CLANG_CXX_LANGUAGE_STANDARD = "gnu++14";
				CLANG_CXX_LIBRARY = "libc++";
				CLANG_ENABLE_MODULES = YES;
				CLANG_ENABLE_OBJC_ARC = YES;
				CLANG_WARN_BLOCK_CAPTURE_AUTORELEASING = YES;
				CLANG_WARN_BOOL_CONVERSION = YES;
				CLANG_WARN_COMMA = YES;
				CLANG_WARN_CONSTANT_CONVERSION = YES;
				CLANG_WARN_DIRECT_OBJC_ISA_USAGE = YES_ERROR;
				CLANG_WARN_DOCUMENTATION_COMMENTS = YES;
				CLANG_WARN_EMPTY_BODY = YES;
				CLANG_WARN_ENUM_CONVERSION = YES;
				CLANG_WARN_INFINITE_RECURSION = YES;
				CLANG_WARN_INT_CONVERSION = YES;
				CLANG_WARN_NON_LITERAL_NULL_CONVERSION = YES;
				CLANG_WARN_OBJC_LITERAL_CONVERSION = YES;
				CLANG_WARN_OBJC_ROOT_CLASS = YES_ERROR;
				CLANG_WARN_RANGE_LOOP_ANALYSIS = YES;
				CLANG_WARN_STRICT_PROTOTYPES = YES;
				CLANG_WARN_SUSPICIOUS_MOVE = YES;
				CLANG_WARN_UNGUARDED_AVAILABILITY = YES_AGGRESSIVE;
				CLANG_WARN_UNREACHABLE_CODE = YES;
				CLANG_WARN__DUPLICATE_METHOD_MATCH = YES;
				CODE_SIGN_IDENTITY = "-";
				COPY_PHASE_STRIP = NO;
				DEBUG_INFORMATION_FORMAT = dwarf;
				ENABLE_STRICT_OBJC_MSGSEND = YES;
				ENABLE_TESTABILITY = YES;
				GCC_C_LANGUAGE_STANDARD = gnu11;
				GCC_DYNAMIC_NO_PIC = NO;
				GCC_NO_COMMON_BLOCKS = YES;
				GCC_OPTIMIZATION_LEVEL = 0;
				GCC_PREPROCESSOR_DEFINITIONS = (
					"DEBUG=1",
					"$(inherited)",
				);
				GCC_WARN_64_TO_32_BIT_CONVERSION = YES;
				GCC_WARN_ABOUT_RETURN_TYPE = YES_ERROR;
				GCC_WARN_UNDECLARED_SELECTOR = YES;
				GCC_WARN_UNINITIALIZED_AUTOS = YES_AGGRESSIVE;
				GCC_WARN_UNUSED_FUNCTION = YES;
				GCC_WARN_UNUSED_VARIABLE = YES;
				IPHONEOS_DEPLOYMENT_TARGET = 9.3;
				MACOSX_DEPLOYMENT_TARGET = 10.13;
				MTL_ENABLE_DEBUG_INFO = YES;
				ONLY_ACTIVE_ARCH = YES;
				SDKROOT = macosx;
				SWIFT_ACTIVE_COMPILATION_CONDITIONS = DEBUG;
				SWIFT_OPTIMIZATION_LEVEL = "-Onone";
			};
			name = Debug;
		};
		ED83F69220348A760038D96B /* Release */ = {
			isa = XCBuildConfiguration;
			buildSettings = {
				ALWAYS_SEARCH_USER_PATHS = NO;
				CLANG_ANALYZER_NONNULL = YES;
				CLANG_ANALYZER_NUMBER_OBJECT_CONVERSION = YES_AGGRESSIVE;
				CLANG_CXX_LANGUAGE_STANDARD = "gnu++14";
				CLANG_CXX_LIBRARY = "libc++";
				CLANG_ENABLE_MODULES = YES;
				CLANG_ENABLE_OBJC_ARC = YES;
				CLANG_WARN_BLOCK_CAPTURE_AUTORELEASING = YES;
				CLANG_WARN_BOOL_CONVERSION = YES;
				CLANG_WARN_COMMA = YES;
				CLANG_WARN_CONSTANT_CONVERSION = YES;
				CLANG_WARN_DIRECT_OBJC_ISA_USAGE = YES_ERROR;
				CLANG_WARN_DOCUMENTATION_COMMENTS = YES;
				CLANG_WARN_EMPTY_BODY = YES;
				CLANG_WARN_ENUM_CONVERSION = YES;
				CLANG_WARN_INFINITE_RECURSION = YES;
				CLANG_WARN_INT_CONVERSION = YES;
				CLANG_WARN_NON_LITERAL_NULL_CONVERSION = YES;
				CLANG_WARN_OBJC_LITERAL_CONVERSION = YES;
				CLANG_WARN_OBJC_ROOT_CLASS = YES_ERROR;
				CLANG_WARN_RANGE_LOOP_ANALYSIS = YES;
				CLANG_WARN_STRICT_PROTOTYPES = YES;
				CLANG_WARN_SUSPICIOUS_MOVE = YES;
				CLANG_WARN_UNGUARDED_AVAILABILITY = YES_AGGRESSIVE;
				CLANG_WARN_UNREACHABLE_CODE = YES;
				CLANG_WARN__DUPLICATE_METHOD_MATCH = YES;
				CODE_SIGN_IDENTITY = "-";
				COPY_PHASE_STRIP = NO;
				DEBUG_INFORMATION_FORMAT = "dwarf-with-dsym";
				ENABLE_NS_ASSERTIONS = NO;
				ENABLE_STRICT_OBJC_MSGSEND = YES;
				GCC_C_LANGUAGE_STANDARD = gnu11;
				GCC_NO_COMMON_BLOCKS = YES;
				GCC_WARN_64_TO_32_BIT_CONVERSION = YES;
				GCC_WARN_ABOUT_RETURN_TYPE = YES_ERROR;
				GCC_WARN_UNDECLARED_SELECTOR = YES;
				GCC_WARN_UNINITIALIZED_AUTOS = YES_AGGRESSIVE;
				GCC_WARN_UNUSED_FUNCTION = YES;
				GCC_WARN_UNUSED_VARIABLE = YES;
				IPHONEOS_DEPLOYMENT_TARGET = 9.3;
				MACOSX_DEPLOYMENT_TARGET = 10.13;
				MTL_ENABLE_DEBUG_INFO = NO;
				SDKROOT = macosx;
				SWIFT_OPTIMIZATION_LEVEL = "-Owholemodule";
			};
			name = Release;
		};
/* End XCBuildConfiguration section */

/* Begin XCConfigurationList section */
		C6076CEE237E325E0019F6D1 /* Build configuration list for PBXNativeTarget "PahkatClient_Example" */ = {
			isa = XCConfigurationList;
			buildConfigurations = (
				C6076CEC237E325E0019F6D1 /* Debug */,
				C6076CED237E325E0019F6D1 /* Release */,
			);
			defaultConfigurationIsVisible = 0;
			defaultConfigurationName = Release;
		};
		ED83F67320348A760038D96B /* Build configuration list for PBXProject "PahkatClient" */ = {
			isa = XCConfigurationList;
			buildConfigurations = (
				ED83F69120348A760038D96B /* Debug */,
				ED83F69220348A760038D96B /* Release */,
			);
			defaultConfigurationIsVisible = 0;
			defaultConfigurationName = Release;
		};
/* End XCConfigurationList section */
	};
	rootObject = ED83F67020348A760038D96B /* Project object */;
}
